
Microsoft Visual Studio Solution File, Format Version 12.00
# Visual Studio Version 17
VisualStudioVersion = 17.3.32929.385
MinimumVisualStudioVersion = 10.0.40219.1
Project("{00D1A9C2-B5F0-4AF3-8072-F6C62B433612}") = "CloudComputingUTN.DataBase", "CloudComputingUTN.DataBase\CloudComputingUTN.DataBase.sqlproj", "{352D164F-B462-4C45-AF6C-13F526324A9D}"
EndProject
Project("{9A19103F-16F7-4668-BE54-9A1E7A4F7556}") = "CloudComputingUTN.Entities", "CloudComputingUTN.Entities\CloudComputingUTN.Entities.csproj", "{0B78737E-70DF-40E8-9C7C-FF36D97EF7CA}"
EndProject
Project("{9A19103F-16F7-4668-BE54-9A1E7A4F7556}") = "CloudComputingUTN.Middleware", "CloudComuptingUTN.Middleware\CloudComputingUTN.Middleware.csproj", "{5067FD5D-331B-48D3-90C2-3EF16442554B}"
EndProject
Project("{9A19103F-16F7-4668-BE54-9A1E7A4F7556}") = "CloudComputingUTN.Middleware.UnitTests", "CloudComputingUTN.Middleware.UnitTests\CloudComputingUTN.Middleware.UnitTests.csproj", "{50CF8579-7174-4078-8F48-CCAD703102C0}"
EndProject
Project("{9A19103F-16F7-4668-BE54-9A1E7A4F7556}") = "CloudComputingUTN.WebApp", "CloudComputingUTN.WebApp\CloudComputingUTN.WebApp.csproj", "{F69AC2F8-4F51-4FF0-B5DD-42350E4571BB}"
EndProject
Project("{9A19103F-16F7-4668-BE54-9A1E7A4F7556}") = "CloudComputingUTN.Service", "CloudComputingUTN.Service\CloudComputingUTN.Service.csproj", "{638437A1-ABB6-4825-8630-455786162A6C}"
EndProject
Project("{9A19103F-16F7-4668-BE54-9A1E7A4F7556}") = "CloudComputingUTN.DataAccessLayer", "CloudComputingUTN.DataAccessLayer\CloudComputingUTN.DataAccessLayer.csproj", "{5F3EEB4E-CEF1-4AAE-8B74-590F76FC095C}"
EndProject
Project("{9A19103F-16F7-4668-BE54-9A1E7A4F7556}") = "CloudComputingUTN.Sqlite", "CloudComputingUTN.Sqlite\CloudComputingUTN.Sqlite.csproj", "{0DCD927A-4EBF-412B-9789-CCD15C0FB532}"
EndProject
Project("{9A19103F-16F7-4668-BE54-9A1E7A4F7556}") = "CloudComputingUTN.Service.UnitTests", "CloudComputingUTN.Service.UnitTests\CloudComputingUTN.Service.UnitTests.csproj", "{1DEE6B1D-A6E3-4F7B-B9AC-A8EE91BF0E57}"
EndProject
Project("{2150E333-8FDC-42A3-9474-1A3956D46DE8}") = "CloudComputingUTN.MySQL", "CloudComputingUTN.MySQL", "{1FCF8AAB-256D-4B6F-ACE8-C69C0D019D67}"
	ProjectSection(SolutionItems) = preProject
		CloudComputingUTN.MySQL\MuseumDB.sql = CloudComputingUTN.MySQL\MuseumDB.sql
		CloudComputingUTN.MySQL\UserSetup.sql = CloudComputingUTN.MySQL\UserSetup.sql
	EndProjectSection
EndProject
Global
	GlobalSection(SolutionConfigurationPlatforms) = preSolution
		Debug|Any CPU = Debug|Any CPU
		Release|Any CPU = Release|Any CPU
	EndGlobalSection
	GlobalSection(ProjectConfigurationPlatforms) = postSolution
		{352D164F-B462-4C45-AF6C-13F526324A9D}.Debug|Any CPU.ActiveCfg = Debug|Any CPU
		{352D164F-B462-4C45-AF6C-13F526324A9D}.Debug|Any CPU.Deploy.0 = Debug|Any CPU
		{352D164F-B462-4C45-AF6C-13F526324A9D}.Release|Any CPU.ActiveCfg = Release|Any CPU
		{352D164F-B462-4C45-AF6C-13F526324A9D}.Release|Any CPU.Build.0 = Release|Any CPU
		{352D164F-B462-4C45-AF6C-13F526324A9D}.Release|Any CPU.Deploy.0 = Release|Any CPU
		{0B78737E-70DF-40E8-9C7C-FF36D97EF7CA}.Debug|Any CPU.ActiveCfg = Debug|Any CPU
		{0B78737E-70DF-40E8-9C7C-FF36D97EF7CA}.Debug|Any CPU.Build.0 = Debug|Any CPU
		{0B78737E-70DF-40E8-9C7C-FF36D97EF7CA}.Release|Any CPU.ActiveCfg = Release|Any CPU
		{0B78737E-70DF-40E8-9C7C-FF36D97EF7CA}.Release|Any CPU.Build.0 = Release|Any CPU
		{5067FD5D-331B-48D3-90C2-3EF16442554B}.Debug|Any CPU.ActiveCfg = Debug|Any CPU
		{5067FD5D-331B-48D3-90C2-3EF16442554B}.Debug|Any CPU.Build.0 = Debug|Any CPU
		{5067FD5D-331B-48D3-90C2-3EF16442554B}.Release|Any CPU.ActiveCfg = Release|Any CPU
		{5067FD5D-331B-48D3-90C2-3EF16442554B}.Release|Any CPU.Build.0 = Release|Any CPU
		{50CF8579-7174-4078-8F48-CCAD703102C0}.Debug|Any CPU.ActiveCfg = Debug|Any CPU
		{50CF8579-7174-4078-8F48-CCAD703102C0}.Debug|Any CPU.Build.0 = Debug|Any CPU
		{50CF8579-7174-4078-8F48-CCAD703102C0}.Release|Any CPU.ActiveCfg = Release|Any CPU
		{50CF8579-7174-4078-8F48-CCAD703102C0}.Release|Any CPU.Build.0 = Release|Any CPU
		{F69AC2F8-4F51-4FF0-B5DD-42350E4571BB}.Debug|Any CPU.ActiveCfg = Debug|Any CPU
		{F69AC2F8-4F51-4FF0-B5DD-42350E4571BB}.Debug|Any CPU.Build.0 = Debug|Any CPU
		{F69AC2F8-4F51-4FF0-B5DD-42350E4571BB}.Release|Any CPU.ActiveCfg = Release|Any CPU
		{F69AC2F8-4F51-4FF0-B5DD-42350E4571BB}.Release|Any CPU.Build.0 = Release|Any CPU
		{638437A1-ABB6-4825-8630-455786162A6C}.Debug|Any CPU.ActiveCfg = Debug|Any CPU
		{638437A1-ABB6-4825-8630-455786162A6C}.Debug|Any CPU.Build.0 = Debug|Any CPU
		{638437A1-ABB6-4825-8630-455786162A6C}.Release|Any CPU.ActiveCfg = Release|Any CPU
		{638437A1-ABB6-4825-8630-455786162A6C}.Release|Any CPU.Build.0 = Release|Any CPU
		{5F3EEB4E-CEF1-4AAE-8B74-590F76FC095C}.Debug|Any CPU.ActiveCfg = Debug|Any CPU
		{5F3EEB4E-CEF1-4AAE-8B74-590F76FC095C}.Debug|Any CPU.Build.0 = Debug|Any CPU
		{5F3EEB4E-CEF1-4AAE-8B74-590F76FC095C}.Release|Any CPU.ActiveCfg = Release|Any CPU
		{5F3EEB4E-CEF1-4AAE-8B74-590F76FC095C}.Release|Any CPU.Build.0 = Release|Any CPU
		{0DCD927A-4EBF-412B-9789-CCD15C0FB532}.Debug|Any CPU.ActiveCfg = Debug|Any CPU
		{0DCD927A-4EBF-412B-9789-CCD15C0FB532}.Debug|Any CPU.Build.0 = Debug|Any CPU
		{0DCD927A-4EBF-412B-9789-CCD15C0FB532}.Release|Any CPU.ActiveCfg = Release|Any CPU
		{0DCD927A-4EBF-412B-9789-CCD15C0FB532}.Release|Any CPU.Build.0 = Release|Any CPU
		{1DEE6B1D-A6E3-4F7B-B9AC-A8EE91BF0E57}.Debug|Any CPU.ActiveCfg = Debug|Any CPU
		{1DEE6B1D-A6E3-4F7B-B9AC-A8EE91BF0E57}.Debug|Any CPU.Build.0 = Debug|Any CPU
		{1DEE6B1D-A6E3-4F7B-B9AC-A8EE91BF0E57}.Release|Any CPU.ActiveCfg = Release|Any CPU
		{1DEE6B1D-A6E3-4F7B-B9AC-A8EE91BF0E57}.Release|Any CPU.Build.0 = Release|Any CPU
	EndGlobalSection
	GlobalSection(SolutionProperties) = preSolution
		HideSolutionNode = FALSE
	EndGlobalSection
	GlobalSection(ExtensibilityGlobals) = postSolution
		SolutionGuid = {506F74E1-6D20-43BF-A583-DE52400E7D58}
	EndGlobalSection
EndGlobal
